version: 6
environments:
  default:
    channels:
    - url: https://conda.anaconda.org/conda-forge/
    packages:
      win-64:
      - conda: https://conda.anaconda.org/conda-forge/noarch/asttokens-3.0.0-pyhd8ed1ab_1.conda
      - conda: https://conda.anaconda.org/conda-forge/win-64/brotli-python-1.1.0-py313h5813708_2.conda
      - conda: https://conda.anaconda.org/conda-forge/win-64/bzip2-1.0.8-h2466b09_7.conda
      - conda: https://conda.anaconda.org/conda-forge/win-64/ca-certificates-2025.1.31-h56e8100_0.conda
      - conda: https://conda.anaconda.org/conda-forge/noarch/certifi-2024.12.14-pyhd8ed1ab_0.conda
      - conda: https://conda.anaconda.org/conda-forge/win-64/cffi-1.17.1-py313ha7868ed_0.conda
      - conda: https://conda.anaconda.org/conda-forge/noarch/charset-normalizer-3.4.1-pyhd8ed1ab_0.conda
      - conda: https://conda.anaconda.org/conda-forge/noarch/colorama-0.4.6-pyhd8ed1ab_1.conda
      - conda: https://conda.anaconda.org/conda-forge/noarch/comm-0.2.2-pyhd8ed1ab_1.conda
      - conda: https://conda.anaconda.org/conda-forge/noarch/cpython-3.13.1-py313hd8ed1ab_105.conda
      - conda: https://conda.anaconda.org/conda-forge/win-64/debugpy-1.8.12-py313h5813708_0.conda
      - conda: https://conda.anaconda.org/conda-forge/noarch/decorator-5.1.1-pyhd8ed1ab_1.conda
      - conda: https://conda.anaconda.org/conda-forge/noarch/exceptiongroup-1.2.2-pyhd8ed1ab_1.conda
      - conda: https://conda.anaconda.org/conda-forge/noarch/executing-2.1.0-pyhd8ed1ab_1.conda
      - conda: https://conda.anaconda.org/conda-forge/noarch/feedparser-6.0.11-pyhd8ed1ab_1.conda
      - conda: https://conda.anaconda.org/conda-forge/noarch/h2-4.1.0-pyhd8ed1ab_1.conda
      - conda: https://conda.anaconda.org/conda-forge/noarch/hpack-4.1.0-pyhd8ed1ab_0.conda
      - conda: https://conda.anaconda.org/conda-forge/noarch/hyperframe-6.1.0-pyhd8ed1ab_0.conda
      - conda: https://conda.anaconda.org/conda-forge/noarch/idna-3.10-pyhd8ed1ab_1.conda
      - conda: https://conda.anaconda.org/conda-forge/noarch/importlib-metadata-8.6.1-pyha770c72_0.conda
      - conda: https://conda.anaconda.org/conda-forge/noarch/iniconfig-2.0.0-pyhd8ed1ab_1.conda
      - conda: https://conda.anaconda.org/conda-forge/win-64/intel-openmp-2024.2.1-h57928b3_1083.conda
      - conda: https://conda.anaconda.org/conda-forge/noarch/ipykernel-6.29.5-pyh4bbf305_0.conda
      - conda: https://conda.anaconda.org/conda-forge/noarch/ipython-8.32.0-pyh9ab4c32_0.conda
      - conda: https://conda.anaconda.org/conda-forge/noarch/jedi-0.19.2-pyhd8ed1ab_1.conda
      - conda: https://conda.anaconda.org/conda-forge/noarch/jupyter_client-8.6.3-pyhd8ed1ab_1.conda
      - conda: https://conda.anaconda.org/conda-forge/noarch/jupyter_core-5.7.2-pyh5737063_1.conda
      - conda: https://conda.anaconda.org/conda-forge/win-64/krb5-1.21.3-hdf4eb48_0.conda
      - conda: https://conda.anaconda.org/conda-forge/win-64/libblas-3.9.0-28_h576b46c_mkl.conda
      - conda: https://conda.anaconda.org/conda-forge/win-64/libcblas-3.9.0-28_h7ad3364_mkl.conda
      - conda: https://conda.anaconda.org/conda-forge/win-64/libexpat-2.6.4-he0c23c2_0.conda
      - conda: https://conda.anaconda.org/conda-forge/win-64/libffi-3.4.2-h8ffe710_5.tar.bz2
      - conda: https://conda.anaconda.org/conda-forge/win-64/libhwloc-2.11.2-default_ha69328c_1001.conda
      - conda: https://conda.anaconda.org/conda-forge/win-64/libiconv-1.17-hcfcfb64_2.conda
      - conda: https://conda.anaconda.org/conda-forge/win-64/liblapack-3.9.0-28_hacfb0e4_mkl.conda
      - conda: https://conda.anaconda.org/conda-forge/win-64/liblzma-5.6.3-h2466b09_1.conda
      - conda: https://conda.anaconda.org/conda-forge/win-64/libmpdec-4.0.0-h2466b09_0.conda
      - conda: https://conda.anaconda.org/conda-forge/win-64/libsodium-1.0.20-hc70643c_0.conda
      - conda: https://conda.anaconda.org/conda-forge/win-64/libsqlite-3.48.0-h67fdade_1.conda
      - conda: https://conda.anaconda.org/conda-forge/win-64/libwinpthread-12.0.0.r4.gg4f2fc60ca-h57928b3_9.conda
      - conda: https://conda.anaconda.org/conda-forge/win-64/libxml2-2.13.5-he286e8c_1.conda
      - conda: https://conda.anaconda.org/conda-forge/win-64/libzlib-1.3.1-h2466b09_2.conda
      - conda: https://conda.anaconda.org/conda-forge/noarch/matplotlib-inline-0.1.7-pyhd8ed1ab_1.conda
      - conda: https://conda.anaconda.org/conda-forge/win-64/mkl-2024.2.2-h66d3029_15.conda
      - conda: https://conda.anaconda.org/conda-forge/noarch/nest-asyncio-1.6.0-pyhd8ed1ab_1.conda
      - conda: https://conda.anaconda.org/conda-forge/win-64/numpy-2.2.2-py313hefb8edb_0.conda
      - conda: https://conda.anaconda.org/conda-forge/win-64/openssl-3.4.0-ha4e3fda_1.conda
      - conda: https://conda.anaconda.org/conda-forge/noarch/packaging-24.2-pyhd8ed1ab_2.conda
      - conda: https://conda.anaconda.org/conda-forge/win-64/pandas-2.2.3-py313hf91d08e_1.conda
      - conda: https://conda.anaconda.org/conda-forge/noarch/parso-0.8.4-pyhd8ed1ab_1.conda
      - conda: https://conda.anaconda.org/conda-forge/noarch/pickleshare-0.7.5-pyhd8ed1ab_1004.conda
      - conda: https://conda.anaconda.org/conda-forge/noarch/platformdirs-4.3.6-pyhd8ed1ab_1.conda
      - conda: https://conda.anaconda.org/conda-forge/noarch/pluggy-1.5.0-pyhd8ed1ab_1.conda
      - conda: https://conda.anaconda.org/conda-forge/noarch/prompt-toolkit-3.0.50-pyha770c72_0.conda
      - conda: https://conda.anaconda.org/conda-forge/win-64/psutil-6.1.1-py313ha7868ed_0.conda
      - conda: https://conda.anaconda.org/conda-forge/noarch/pure_eval-0.2.3-pyhd8ed1ab_1.conda
      - conda: https://conda.anaconda.org/conda-forge/noarch/pycparser-2.22-pyh29332c3_1.conda
      - conda: https://conda.anaconda.org/conda-forge/noarch/pygments-2.19.1-pyhd8ed1ab_0.conda
      - conda: https://conda.anaconda.org/conda-forge/noarch/pysocks-1.7.1-pyh09c184e_7.conda
      - conda: https://conda.anaconda.org/conda-forge/noarch/pytest-8.3.4-pyhd8ed1ab_1.conda
      - conda: https://conda.anaconda.org/conda-forge/win-64/python-3.13.1-h071d269_105_cp313.conda
      - conda: https://conda.anaconda.org/conda-forge/noarch/python-dateutil-2.9.0.post0-pyhff2d567_1.conda
      - conda: https://conda.anaconda.org/conda-forge/noarch/python-tzdata-2025.1-pyhd8ed1ab_0.conda
      - conda: https://conda.anaconda.org/conda-forge/win-64/python_abi-3.13-5_cp313.conda
      - conda: https://conda.anaconda.org/conda-forge/noarch/pytz-2024.1-pyhd8ed1ab_0.conda
      - conda: https://conda.anaconda.org/conda-forge/win-64/pywin32-307-py313h5813708_3.conda
      - conda: https://conda.anaconda.org/conda-forge/win-64/pyzmq-26.2.1-py313h2100fd5_0.conda
      - conda: https://conda.anaconda.org/conda-forge/noarch/requests-2.32.3-pyhd8ed1ab_1.conda
      - conda: https://conda.anaconda.org/conda-forge/noarch/sgmllib3k-1.0.0-pyhd8ed1ab_1.conda
      - conda: https://conda.anaconda.org/conda-forge/noarch/six-1.17.0-pyhd8ed1ab_0.conda
      - conda: https://conda.anaconda.org/conda-forge/noarch/stack_data-0.6.3-pyhd8ed1ab_1.conda
      - conda: https://conda.anaconda.org/conda-forge/win-64/tbb-2021.13.0-h62715c5_1.conda
      - conda: https://conda.anaconda.org/conda-forge/win-64/tk-8.6.13-h5226925_1.conda
      - conda: https://conda.anaconda.org/conda-forge/noarch/tomli-2.2.1-pyhd8ed1ab_1.conda
      - conda: https://conda.anaconda.org/conda-forge/win-64/tornado-6.4.2-py313ha7868ed_0.conda
      - conda: https://conda.anaconda.org/conda-forge/noarch/traitlets-5.14.3-pyhd8ed1ab_1.conda
      - conda: https://conda.anaconda.org/conda-forge/noarch/typing_extensions-4.12.2-pyha770c72_1.conda
      - conda: https://conda.anaconda.org/conda-forge/noarch/tzdata-2025a-h78e105d_0.conda
      - conda: https://conda.anaconda.org/conda-forge/win-64/ucrt-10.0.22621.0-h57928b3_1.conda
      - conda: https://conda.anaconda.org/conda-forge/noarch/urllib3-2.3.0-pyhd8ed1ab_0.conda
      - conda: https://conda.anaconda.org/conda-forge/win-64/vc-14.3-h5fd82a7_24.conda
      - conda: https://conda.anaconda.org/conda-forge/win-64/vc14_runtime-14.42.34433-h6356254_24.conda
      - conda: https://conda.anaconda.org/conda-forge/win-64/vs2015_runtime-14.42.34433-hfef2bbc_24.conda
      - conda: https://conda.anaconda.org/conda-forge/noarch/wcwidth-0.2.13-pyhd8ed1ab_1.conda
      - conda: https://conda.anaconda.org/conda-forge/noarch/win_inet_pton-1.1.0-pyh7428d3b_8.conda
      - conda: https://conda.anaconda.org/conda-forge/win-64/zeromq-4.3.5-ha9f60a1_7.conda
      - conda: https://conda.anaconda.org/conda-forge/noarch/zipp-3.21.0-pyhd8ed1ab_1.conda
      - conda: https://conda.anaconda.org/conda-forge/win-64/zstandard-0.23.0-py313h574b89f_1.conda
      - conda: https://conda.anaconda.org/conda-forge/win-64/zstd-1.5.6-h0ea2cb4_0.conda
packages:
- conda: https://conda.anaconda.org/conda-forge/noarch/asttokens-3.0.0-pyhd8ed1ab_1.conda
  sha256: 93b14414b3b3ed91e286e1cbe4e7a60c4e1b1c730b0814d1e452a8ac4b9af593
  md5: 8f587de4bcf981e26228f268df374a9b
  depends:
  - python >=3.9
  constrains:
  - astroid >=2,<4
  license: Apache-2.0
  license_family: Apache
  size: 28206
  timestamp: 1733250564754
- conda: https://conda.anaconda.org/conda-forge/win-64/brotli-python-1.1.0-py313h5813708_2.conda
  sha256: e89803147849d429f1ba3eec880b487c2cc4cac48a221079001a2ab1216f3709
  md5: c1a5d95bf18940d2b1d12f7bf2fb589b
  depends:
  - python >=3.13.0rc1,<3.14.0a0
  - python_abi 3.13.* *_cp313
  - ucrt >=10.0.20348.0
  - vc >=14.2,<15
  - vc14_runtime >=14.29.30139
  constrains:
  - libbrotlicommon 1.1.0 h2466b09_2
  license: MIT
  license_family: MIT
  size: 322309
  timestamp: 1725268431915
- conda: https://conda.anaconda.org/conda-forge/win-64/bzip2-1.0.8-h2466b09_7.conda
  sha256: 35a5dad92e88fdd7fc405e864ec239486f4f31eec229e31686e61a140a8e573b
  md5: 276e7ffe9ffe39688abc665ef0f45596
  depends:
  - ucrt >=10.0.20348.0
  - vc >=14.2,<15
  - vc14_runtime >=14.29.30139
  license: bzip2-1.0.6
  license_family: BSD
  size: 54927
  timestamp: 1720974860185
- conda: https://conda.anaconda.org/conda-forge/win-64/ca-certificates-2025.1.31-h56e8100_0.conda
  sha256: 1bedccdf25a3bd782d6b0e57ddd97cdcda5501716009f2de4479a779221df155
  md5: 5304a31607974dfc2110dfbb662ed092
  license: ISC
  size: 158690
  timestamp: 1738298232550
- conda: https://conda.anaconda.org/conda-forge/noarch/certifi-2024.12.14-pyhd8ed1ab_0.conda
  sha256: 048c16a9cbcb1fbad02083414d3bc7c1d0eea4b39aee6aa6bf8d1d5089ca8bad
  md5: 6feb87357ecd66733be3279f16a8c400
  depends:
  - python >=3.9
  license: ISC
  size: 161642
  timestamp: 1734380604767
- conda: https://conda.anaconda.org/conda-forge/win-64/cffi-1.17.1-py313ha7868ed_0.conda
  sha256: b19f581fe423858f1f477c52e10978be324c55ebf2e418308d30d013f4a476ff
  md5: 519a29d7ac273f8c165efc0af099da42
  depends:
  - pycparser
  - python >=3.13.0rc1,<3.14.0a0
  - python_abi 3.13.* *_cp313
  - ucrt >=10.0.20348.0
  - vc >=14.2,<15
  - vc14_runtime >=14.29.30139
  license: MIT
  license_family: MIT
  size: 291828
  timestamp: 1725561211547
- conda: https://conda.anaconda.org/conda-forge/noarch/charset-normalizer-3.4.1-pyhd8ed1ab_0.conda
  sha256: 4e0ee91b97e5de3e74567bdacea27f0139709fceca4db8adffbe24deffccb09b
  md5: e83a31202d1c0a000fce3e9cf3825875
  depends:
  - python >=3.9
  license: MIT
  license_family: MIT
  size: 47438
  timestamp: 1735929811779
- conda: https://conda.anaconda.org/conda-forge/noarch/colorama-0.4.6-pyhd8ed1ab_1.conda
  sha256: ab29d57dc70786c1269633ba3dff20288b81664d3ff8d21af995742e2bb03287
  md5: 962b9857ee8e7018c22f2776ffa0b2d7
  depends:
  - python >=3.9
  license: BSD-3-Clause
  license_family: BSD
  size: 27011
  timestamp: 1733218222191
- conda: https://conda.anaconda.org/conda-forge/noarch/comm-0.2.2-pyhd8ed1ab_1.conda
  sha256: 7e87ef7c91574d9fac19faedaaee328a70f718c9b4ddadfdc0ba9ac021bd64af
  md5: 74673132601ec2b7fc592755605f4c1b
  depends:
  - python >=3.9
  - traitlets >=5.3
  license: BSD-3-Clause
  license_family: BSD
  size: 12103
  timestamp: 1733503053903
- conda: https://conda.anaconda.org/conda-forge/noarch/cpython-3.13.1-py313hd8ed1ab_105.conda
  noarch: generic
  sha256: e1cc70bc17f347b4908e955aad8fc8808b943f9b79844c47df1732529b11367e
  md5: 24ba90ccd669eff6e8350706279dbc84
  depends:
  - python 3.13.1.*
  - python_abi * *_cp313
  license: Python-2.0
  size: 47287
  timestamp: 1736761414276
- conda: https://conda.anaconda.org/conda-forge/win-64/debugpy-1.8.12-py313h5813708_0.conda
  sha256: 05b5067ee2a721888192e5da86dcbb4192dcfaa9a124695aaef4cf6ea1d066f2
  md5: 945246ec62836704f9804726b18b0ede
  depends:
  - python >=3.13,<3.14.0a0
  - python_abi 3.13.* *_cp313
  - ucrt >=10.0.20348.0
  - vc >=14.2,<15
  - vc14_runtime >=14.29.30139
  license: MIT
  license_family: MIT
  size: 3616092
  timestamp: 1737270099796
- conda: https://conda.anaconda.org/conda-forge/noarch/decorator-5.1.1-pyhd8ed1ab_1.conda
  sha256: 84e5120c97502a3785e8c3241c3bf51f64b4d445f13b4d2445db00d9816fe479
  md5: d622d8d7ee8868870f9cbe259f381181
  depends:
  - python >=3.9
  license: BSD-2-Clause
  license_family: BSD
  size: 14068
  timestamp: 1733236549190
- conda: https://conda.anaconda.org/conda-forge/noarch/exceptiongroup-1.2.2-pyhd8ed1ab_1.conda
  sha256: cbde2c64ec317118fc06b223c5fd87c8a680255e7348dd60e7b292d2e103e701
  md5: a16662747cdeb9abbac74d0057cc976e
  depends:
  - python >=3.9
  license: MIT and PSF-2.0
  size: 20486
  timestamp: 1733208916977
- conda: https://conda.anaconda.org/conda-forge/noarch/executing-2.1.0-pyhd8ed1ab_1.conda
  sha256: 28d25ea375ebab4bf7479228f8430db20986187b04999136ff5c722ebd32eb60
  md5: ef8b5fca76806159fc25b4f48d8737eb
  depends:
  - python >=3.9
  license: MIT
  license_family: MIT
  size: 28348
  timestamp: 1733569440265
- conda: https://conda.anaconda.org/conda-forge/noarch/feedparser-6.0.11-pyhd8ed1ab_1.conda
  sha256: c2cebdeb6bcb5dd332141be184245184452a61329be9ff24fb375e5edaff6af3
  md5: 5ee4b7eebc1f6b020903d01604e279c6
  depends:
  - python >=3.9
  - sgmllib3k
  license: BSD-3-Clause
  license_family: BSD
  size: 52258
  timestamp: 1734808173555
- conda: https://conda.anaconda.org/conda-forge/noarch/h2-4.1.0-pyhd8ed1ab_1.conda
  sha256: 843ddad410c370672a8250470697027618f104153612439076d4d7b91eeb7b5c
  md5: 825927dc7b0f287ef8d4d0011bb113b1
  depends:
  - hpack >=4.0,<5
  - hyperframe >=6.0,<7
  - python >=3.9
  license: MIT
  license_family: MIT
  size: 52000
  timestamp: 1733298867359
- conda: https://conda.anaconda.org/conda-forge/noarch/hpack-4.1.0-pyhd8ed1ab_0.conda
  sha256: 6ad78a180576c706aabeb5b4c8ceb97c0cb25f1e112d76495bff23e3779948ba
  md5: 0a802cb9888dd14eeefc611f05c40b6e
  depends:
  - python >=3.9
  license: MIT
  license_family: MIT
  size: 30731
  timestamp: 1737618390337
- conda: https://conda.anaconda.org/conda-forge/noarch/hyperframe-6.1.0-pyhd8ed1ab_0.conda
  sha256: 77af6f5fe8b62ca07d09ac60127a30d9069fdc3c68d6b256754d0ffb1f7779f8
  md5: 8e6923fc12f1fe8f8c4e5c9f343256ac
  depends:
  - python >=3.9
  license: MIT
  license_family: MIT
  size: 17397
  timestamp: 1737618427549
- conda: https://conda.anaconda.org/conda-forge/noarch/idna-3.10-pyhd8ed1ab_1.conda
  sha256: d7a472c9fd479e2e8dcb83fb8d433fce971ea369d704ece380e876f9c3494e87
  md5: 39a4f67be3286c86d696df570b1201b7
  depends:
  - python >=3.9
  license: BSD-3-Clause
  license_family: BSD
  size: 49765
  timestamp: 1733211921194
- conda: https://conda.anaconda.org/conda-forge/noarch/importlib-metadata-8.6.1-pyha770c72_0.conda
  sha256: 598951ebdb23e25e4cec4bbff0ae369cec65ead80b50bc08b441d8e54de5cf03
  md5: f4b39bf00c69f56ac01e020ebfac066c
  depends:
  - python >=3.9
  - zipp >=0.5
  license: Apache-2.0
  license_family: APACHE
  size: 29141
  timestamp: 1737420302391
- conda: https://conda.anaconda.org/conda-forge/noarch/iniconfig-2.0.0-pyhd8ed1ab_1.conda
  sha256: 0ec8f4d02053cd03b0f3e63168316530949484f80e16f5e2fb199a1d117a89ca
  md5: 6837f3eff7dcea42ecd714ce1ac2b108
  depends:
  - python >=3.9
  license: MIT
  license_family: MIT
  size: 11474
  timestamp: 1733223232820
- conda: https://conda.anaconda.org/conda-forge/win-64/intel-openmp-2024.2.1-h57928b3_1083.conda
  sha256: 0fd2b0b84c854029041b0ede8f4c2369242ee92acc0092f8407b1fe9238a8209
  md5: 2d89243bfb53652c182a7c73182cce4f
  license: LicenseRef-IntelSimplifiedSoftwareOct2022
  license_family: Proprietary
  size: 1852356
  timestamp: 1723739573141
- conda: https://conda.anaconda.org/conda-forge/noarch/ipykernel-6.29.5-pyh4bbf305_0.conda
  sha256: dc569094125127c0078aa536f78733f383dd7e09507277ef8bcd1789786e7086
  md5: 18df5fc4944a679e085e0e8f31775fc8
  depends:
  - __win
  - comm >=0.1.1
  - debugpy >=1.6.5
  - ipython >=7.23.1
  - jupyter_client >=6.1.12
  - jupyter_core >=4.12,!=5.0.*
  - matplotlib-inline >=0.1
  - nest-asyncio
  - packaging
  - psutil
  - python >=3.8
  - pyzmq >=24
  - tornado >=6.1
  - traitlets >=5.4.0
  license: BSD-3-Clause
  license_family: BSD
  size: 119853
  timestamp: 1719845858082
- conda: https://conda.anaconda.org/conda-forge/noarch/ipython-8.32.0-pyh9ab4c32_0.conda
  sha256: 970b10688d376dd7a9963478e78f80d62708df73b368fed9295ef100a99b6b04
  md5: e34c8a3475d6e2743f4f5093a39004fd
  depends:
  - __win
  - colorama
  - python >=3.10
  - decorator
  - exceptiongroup
  - jedi >=0.16
  - matplotlib-inline
  - pickleshare
  - prompt-toolkit >=3.0.41,<3.1.0
  - pygments >=2.4.0
  - stack_data
  - traitlets >=5.13.0
  - typing_extensions >=4.6
  - python
  license: BSD-3-Clause
  size: 636000
  timestamp: 1738421304330
- conda: https://conda.anaconda.org/conda-forge/noarch/jedi-0.19.2-pyhd8ed1ab_1.conda
  sha256: 92c4d217e2dc68983f724aa983cca5464dcb929c566627b26a2511159667dba8
  md5: a4f4c5dc9b80bc50e0d3dc4e6e8f1bd9
  depends:
  - parso >=0.8.3,<0.9.0
  - python >=3.9
  license: Apache-2.0 AND MIT
  size: 843646
  timestamp: 1733300981994
- conda: https://conda.anaconda.org/conda-forge/noarch/jupyter_client-8.6.3-pyhd8ed1ab_1.conda
  sha256: 19d8bd5bb2fde910ec59e081eeb59529491995ce0d653a5209366611023a0b3a
  md5: 4ebae00eae9705b0c3d6d1018a81d047
  depends:
  - importlib-metadata >=4.8.3
  - jupyter_core >=4.12,!=5.0.*
  - python >=3.9
  - python-dateutil >=2.8.2
  - pyzmq >=23.0
  - tornado >=6.2
  - traitlets >=5.3
  license: BSD-3-Clause
  license_family: BSD
  size: 106342
  timestamp: 1733441040958
- conda: https://conda.anaconda.org/conda-forge/noarch/jupyter_core-5.7.2-pyh5737063_1.conda
  sha256: 7c903b2d62414c3e8da1f78db21f45b98de387aae195f8ca959794113ba4b3fd
  md5: 46d87d1c0ea5da0aae36f77fa406e20d
  depends:
  - __win
  - cpython
  - platformdirs >=2.5
  - python >=3.8
  - pywin32 >=300
  - traitlets >=5.3
  license: BSD-3-Clause
  license_family: BSD
  size: 58269
  timestamp: 1727164026641
- conda: https://conda.anaconda.org/conda-forge/win-64/krb5-1.21.3-hdf4eb48_0.conda
  sha256: 18e8b3430d7d232dad132f574268f56b3eb1a19431d6d5de8c53c29e6c18fa81
  md5: 31aec030344e962fbd7dbbbbd68e60a9
  depends:
  - openssl >=3.3.1,<4.0a0
  - ucrt >=10.0.20348.0
  - vc >=14.2,<15
  - vc14_runtime >=14.29.30139
  license: MIT
  license_family: MIT
  size: 712034
  timestamp: 1719463874284
- conda: https://conda.anaconda.org/conda-forge/win-64/libblas-3.9.0-28_h576b46c_mkl.conda
  build_number: 28
  sha256: 664fac202fb0f48f11538863f78128cc95e72fbf75fa7d037ddea7c497c0df5d
  md5: eb97c3ea4cc02e42c01bc6c928094037
  depends:
  - mkl 2024.2.2 h66d3029_15
  constrains:
  - liblapack =3.9.0=28*_mkl
  - blas =2.128=mkl
  - liblapacke =3.9.0=28*_mkl
  - libcblas =3.9.0=28*_mkl
  license: BSD-3-Clause
  license_family: BSD
  size: 3732428
  timestamp: 1738114465076
- conda: https://conda.anaconda.org/conda-forge/win-64/libcblas-3.9.0-28_h7ad3364_mkl.conda
  build_number: 28
  sha256: affd4330721e0dadeefb31cd8191478772f75643db6bef485309782be689c52f
  md5: fc67cf6a19301fc7d6eb83949abce428
  depends:
  - libblas 3.9.0 28_h576b46c_mkl
  constrains:
  - liblapack =3.9.0=28*_mkl
  - blas =2.128=mkl
  - liblapacke =3.9.0=28*_mkl
  license: BSD-3-Clause
  license_family: BSD
  size: 3732314
  timestamp: 1738114505434
- conda: https://conda.anaconda.org/conda-forge/win-64/libexpat-2.6.4-he0c23c2_0.conda
  sha256: 0c0447bf20d1013d5603499de93a16b6faa92d7ead870d96305c0f065b6a5a12
  md5: eb383771c680aa792feb529eaf9df82f
  depends:
  - ucrt >=10.0.20348.0
  - vc >=14.2,<15
  - vc14_runtime >=14.29.30139
  constrains:
  - expat 2.6.4.*
  license: MIT
  license_family: MIT
  size: 139068
  timestamp: 1730967442102
- conda: https://conda.anaconda.org/conda-forge/win-64/libffi-3.4.2-h8ffe710_5.tar.bz2
  sha256: 1951ab740f80660e9bc07d2ed3aefb874d78c107264fd810f24a1a6211d4b1a5
  md5: 2c96d1b6915b408893f9472569dee135
  depends:
  - vc >=14.1,<15.0a0
  - vs2015_runtime >=14.16.27012
  license: MIT
  license_family: MIT
  size: 42063
  timestamp: 1636489106777
- conda: https://conda.anaconda.org/conda-forge/win-64/libhwloc-2.11.2-default_ha69328c_1001.conda
  sha256: 850e255997f538d5fb6ed651321141155a33bb781d43d326fc4ff62114dd2842
  md5: b87a0ac5ab6495d8225db5dc72dd21cd
  depends:
  - libwinpthread >=12.0.0.r4.gg4f2fc60ca
  - libxml2 >=2.13.4,<3.0a0
  - ucrt >=10.0.20348.0
  - vc >=14.2,<15
  - vc14_runtime >=14.29.30139
  license: BSD-3-Clause
  license_family: BSD
  size: 2390021
  timestamp: 1731375651179
- conda: https://conda.anaconda.org/conda-forge/win-64/libiconv-1.17-hcfcfb64_2.conda
  sha256: 5f844dd19b046d43174ad80c6ea75b5d504020e3b63cfbc4ace97b8730d35c7b
  md5: e1eb10b1cca179f2baa3601e4efc8712
  depends:
  - ucrt >=10.0.20348.0
  - vc >=14.2,<15
  - vc14_runtime >=14.29.30139
  license: LGPL-2.1-only
  size: 636146
  timestamp: 1702682547199
- conda: https://conda.anaconda.org/conda-forge/win-64/liblapack-3.9.0-28_hacfb0e4_mkl.conda
  build_number: 28
  sha256: 4b4bb704f46d12f56c1dcf5525bb97aea53a110e6bde6b8d588bf43b773500da
  md5: 5aa8e62e29e0d76b0b99b79a739cd2dd
  depends:
  - libblas 3.9.0 28_h576b46c_mkl
  constrains:
  - blas =2.128=mkl
  - liblapacke =3.9.0=28*_mkl
  - libcblas =3.9.0=28*_mkl
  license: BSD-3-Clause
  license_family: BSD
  size: 3732321
  timestamp: 1738114541347
- conda: https://conda.anaconda.org/conda-forge/win-64/liblzma-5.6.3-h2466b09_1.conda
  sha256: 24d04bd55adfa44c421c99ce169df38cb1ad2bba5f43151bc847fc802496a1fa
  md5: 015b9c0bd1eef60729ab577a38aaf0b5
  depends:
  - ucrt >=10.0.20348.0
  - vc >=14.2,<15
  - vc14_runtime >=14.29.30139
  constrains:
  - xz ==5.6.3=*_1
  license: 0BSD
  size: 104332
  timestamp: 1733407872569
- conda: https://conda.anaconda.org/conda-forge/win-64/libmpdec-4.0.0-h2466b09_0.conda
  sha256: fc529fc82c7caf51202cc5cec5bb1c2e8d90edbac6d0a4602c966366efe3c7bf
  md5: 74860100b2029e2523cf480804c76b9b
  depends:
  - ucrt >=10.0.20348.0
  - vc >=14.2,<15
  - vc14_runtime >=14.29.30139
  license: BSD-2-Clause
  license_family: BSD
  size: 88657
  timestamp: 1723861474602
- conda: https://conda.anaconda.org/conda-forge/win-64/libsodium-1.0.20-hc70643c_0.conda
  sha256: 7bcb3edccea30f711b6be9601e083ecf4f435b9407d70fc48fbcf9e5d69a0fc6
  md5: 198bb594f202b205c7d18b936fa4524f
  depends:
  - ucrt >=10.0.20348.0
  - vc >=14.2,<15
  - vc14_runtime >=14.29.30139
  license: ISC
  size: 202344
  timestamp: 1716828757533
- conda: https://conda.anaconda.org/conda-forge/win-64/libsqlite-3.48.0-h67fdade_1.conda
  sha256: eb889b9ea754d30268fa740f91e62fae6c30ca40f9769051dd42390d2470a7ff
  md5: 5a7a8f7f68ce1bdb7b58219786436f30
  depends:
  - ucrt >=10.0.20348.0
  - vc >=14.2,<15
  - vc14_runtime >=14.29.30139
  license: Unlicense
  size: 897026
  timestamp: 1737565547561
- conda: https://conda.anaconda.org/conda-forge/win-64/libwinpthread-12.0.0.r4.gg4f2fc60ca-h57928b3_9.conda
  sha256: 373f2973b8a358528b22be5e8d84322c165b4c5577d24d94fd67ad1bb0a0f261
  md5: 08bfa5da6e242025304b206d152479ef
  depends:
  - ucrt
  constrains:
  - pthreads-win32 <0.0a0
  - msys2-conda-epoch <0.0a0
  license: MIT AND BSD-3-Clause-Clear
  size: 35794
  timestamp: 1737099561703
- conda: https://conda.anaconda.org/conda-forge/win-64/libxml2-2.13.5-he286e8c_1.conda
  sha256: 084dd4dde342f13c43ee418d153ac5b2610f95be029073a15fa9dda22b130d06
  md5: 77eaa84f90fc90643c5a0be0aa9bdd1b
  depends:
  - libiconv >=1.17,<2.0a0
  - libzlib >=1.3.1,<2.0a0
  - ucrt >=10.0.20348.0
  - vc >=14.2,<15
  - vc14_runtime >=14.29.30139
  license: MIT
  license_family: MIT
  size: 1612294
  timestamp: 1733443909984
- conda: https://conda.anaconda.org/conda-forge/win-64/libzlib-1.3.1-h2466b09_2.conda
  sha256: ba945c6493449bed0e6e29883c4943817f7c79cbff52b83360f7b341277c6402
  md5: 41fbfac52c601159df6c01f875de31b9
  depends:
  - ucrt >=10.0.20348.0
  - vc >=14.2,<15
  - vc14_runtime >=14.29.30139
  constrains:
  - zlib 1.3.1 *_2
  license: Zlib
  license_family: Other
  size: 55476
  timestamp: 1727963768015
- conda: https://conda.anaconda.org/conda-forge/noarch/matplotlib-inline-0.1.7-pyhd8ed1ab_1.conda
  sha256: 69b7dc7131703d3d60da9b0faa6dd8acbf6f6c396224cf6aef3e855b8c0c41c6
  md5: af6ab708897df59bd6e7283ceab1b56b
  depends:
  - python >=3.9
  - traitlets
  license: BSD-3-Clause
  license_family: BSD
  size: 14467
  timestamp: 1733417051523
- conda: https://conda.anaconda.org/conda-forge/win-64/mkl-2024.2.2-h66d3029_15.conda
  sha256: 20e52b0389586d0b914a49cd286c5ccc9c47949bed60ca6df004d1d295f2edbd
  md5: 302dff2807f2927b3e9e0d19d60121de
  depends:
  - intel-openmp 2024.*
  - tbb 2021.*
  license: LicenseRef-IntelSimplifiedSoftwareOct2022
  license_family: Proprietary
  size: 103106385
  timestamp: 1730232843711
- conda: https://conda.anaconda.org/conda-forge/noarch/nest-asyncio-1.6.0-pyhd8ed1ab_1.conda
  sha256: bb7b21d7fd0445ddc0631f64e66d91a179de4ba920b8381f29b9d006a42788c0
  md5: 598fd7d4d0de2455fb74f56063969a97
  depends:
  - python >=3.9
  license: BSD-2-Clause
  license_family: BSD
  size: 11543
  timestamp: 1733325673691
- conda: https://conda.anaconda.org/conda-forge/win-64/numpy-2.2.2-py313hefb8edb_0.conda
  sha256: c6a5645d5b7afaafe5d45a5ad7aaad4e47498592da334d41e6d58d724160d7de
  md5: f00ff06a249506cab4da50b85e22cadb
  depends:
  - libblas >=3.9.0,<4.0a0
  - libcblas >=3.9.0,<4.0a0
  - liblapack >=3.9.0,<4.0a0
  - python >=3.13,<3.14.0a0
  - python_abi 3.13.* *_cp313
  - ucrt >=10.0.20348.0
  - vc >=14.2,<15
  - vc14_runtime >=14.29.30139
  constrains:
  - numpy-base <0a0
  license: BSD-3-Clause
  license_family: BSD
  size: 7116196
  timestamp: 1737332125142
- conda: https://conda.anaconda.org/conda-forge/win-64/openssl-3.4.0-ha4e3fda_1.conda
  sha256: 519a06eaab7c878fbebb8cab98ea4a4465eafb1e9ed8c6ce67226068a80a92f0
  md5: fb45308ba8bfe1abf1f4a27bad24a743
  depends:
  - ca-certificates
  - ucrt >=10.0.20348.0
  - vc >=14.2,<15
  - vc14_runtime >=14.29.30139
  license: Apache-2.0
  license_family: Apache
  size: 8462960
  timestamp: 1736088436984
- conda: https://conda.anaconda.org/conda-forge/noarch/packaging-24.2-pyhd8ed1ab_2.conda
  sha256: da157b19bcd398b9804c5c52fc000fcb8ab0525bdb9c70f95beaa0bb42f85af1
  md5: 3bfed7e6228ebf2f7b9eaa47f1b4e2aa
  depends:
  - python >=3.8
  license: Apache-2.0
  license_family: APACHE
  size: 60164
  timestamp: 1733203368787
- conda: https://conda.anaconda.org/conda-forge/win-64/pandas-2.2.3-py313hf91d08e_1.conda
  sha256: 8fb218382be188497cbf549eb9de2825195cb076946e1f9929f3758b3f3b4e88
  md5: 9c6dab4d9b20463121faf04283b4d1a1
  depends:
  - numpy >=1.21,<3
  - numpy >=1.22.4
  - python >=3.13.0rc2,<3.14.0a0
  - python-dateutil >=2.8.1
  - python-tzdata >=2022a
  - python_abi 3.13.* *_cp313
  - pytz >=2020.1,<2024.2
  - ucrt >=10.0.20348.0
  - vc >=14.2,<15
  - vc14_runtime >=14.29.30139
  license: BSD-3-Clause
  license_family: BSD
  size: 14215159
  timestamp: 1726879653675
- conda: https://conda.anaconda.org/conda-forge/noarch/parso-0.8.4-pyhd8ed1ab_1.conda
  sha256: 17131120c10401a99205fc6fe436e7903c0fa092f1b3e80452927ab377239bcc
  md5: 5c092057b6badd30f75b06244ecd01c9
  depends:
  - python >=3.9
  license: MIT
  license_family: MIT
  size: 75295
  timestamp: 1733271352153
- conda: https://conda.anaconda.org/conda-forge/noarch/pickleshare-0.7.5-pyhd8ed1ab_1004.conda
  sha256: e2ac3d66c367dada209fc6da43e645672364b9fd5f9d28b9f016e24b81af475b
  md5: 11a9d1d09a3615fc07c3faf79bc0b943
  depends:
  - python >=3.9
  license: MIT
  license_family: MIT
  size: 11748
  timestamp: 1733327448200
- conda: https://conda.anaconda.org/conda-forge/noarch/platformdirs-4.3.6-pyhd8ed1ab_1.conda
  sha256: bb50f6499e8bc1d1a26f17716c97984671121608dc0c3ecd34858112bce59a27
  md5: 577852c7e53901ddccc7e6a9959ddebe
  depends:
  - python >=3.9
  license: MIT
  license_family: MIT
  size: 20448
  timestamp: 1733232756001
- conda: https://conda.anaconda.org/conda-forge/noarch/pluggy-1.5.0-pyhd8ed1ab_1.conda
  sha256: 122433fc5318816b8c69283aaf267c73d87aa2d09ce39f64c9805c9a3b264819
  md5: e9dcbce5f45f9ee500e728ae58b605b6
  depends:
  - python >=3.9
  license: MIT
  license_family: MIT
  size: 23595
  timestamp: 1733222855563
- conda: https://conda.anaconda.org/conda-forge/noarch/prompt-toolkit-3.0.50-pyha770c72_0.conda
  sha256: 0749c49a349bf55b8539ce5addce559b77592165da622944a51c630e94d97889
  md5: 7d823138f550b14ecae927a5ff3286de
  depends:
  - python >=3.9
  - wcwidth
  constrains:
  - prompt_toolkit 3.0.50
  license: BSD-3-Clause
  license_family: BSD
  size: 271905
  timestamp: 1737453457168
- conda: https://conda.anaconda.org/conda-forge/win-64/psutil-6.1.1-py313ha7868ed_0.conda
  sha256: a9141ee67dcf85c4b6eb333ff3dbcd4e2cd4d592f768740703cf89b56eda9d68
  md5: 8a948151d6f16d6cef5318b66c86b972
  depends:
  - python >=3.13,<3.14.0a0
  - python_abi 3.13.* *_cp313
  - ucrt >=10.0.20348.0
  - vc >=14.2,<15
  - vc14_runtime >=14.29.30139
  license: BSD-3-Clause
  license_family: BSD
  size: 511743
  timestamp: 1735327885260
- conda: https://conda.anaconda.org/conda-forge/noarch/pure_eval-0.2.3-pyhd8ed1ab_1.conda
  sha256: 71bd24600d14bb171a6321d523486f6a06f855e75e547fa0cb2a0953b02047f0
  md5: 3bfdfb8dbcdc4af1ae3f9a8eb3948f04
  depends:
  - python >=3.9
  license: MIT
  license_family: MIT
  size: 16668
  timestamp: 1733569518868
- conda: https://conda.anaconda.org/conda-forge/noarch/pycparser-2.22-pyh29332c3_1.conda
  sha256: 79db7928d13fab2d892592223d7570f5061c192f27b9febd1a418427b719acc6
  md5: 12c566707c80111f9799308d9e265aef
  depends:
  - python >=3.9
  - python
  license: BSD-3-Clause
  license_family: BSD
  size: 110100
  timestamp: 1733195786147
- conda: https://conda.anaconda.org/conda-forge/noarch/pygments-2.19.1-pyhd8ed1ab_0.conda
  sha256: 28a3e3161390a9d23bc02b4419448f8d27679d9e2c250e29849e37749c8de86b
  md5: 232fb4577b6687b2d503ef8e254270c9
  depends:
  - python >=3.9
  license: BSD-2-Clause
  license_family: BSD
  size: 888600
  timestamp: 1736243563082
- conda: https://conda.anaconda.org/conda-forge/noarch/pysocks-1.7.1-pyh09c184e_7.conda
  sha256: d016e04b0e12063fbee4a2d5fbb9b39a8d191b5a0042f0b8459188aedeabb0ca
  md5: e2fd202833c4a981ce8a65974fe4abd1
  depends:
  - __win
  - python >=3.9
  - win_inet_pton
  license: BSD-3-Clause
  license_family: BSD
  size: 21784
  timestamp: 1733217448189
- conda: https://conda.anaconda.org/conda-forge/noarch/pytest-8.3.4-pyhd8ed1ab_1.conda
  sha256: 75245ca9d0cbd6d38bb45ec02430189a9d4c21c055c5259739d738a2298d61b3
  md5: 799ed216dc6af62520f32aa39bc1c2bb
  depends:
  - colorama
  - exceptiongroup >=1.0.0rc8
  - iniconfig
  - packaging
  - pluggy <2,>=1.5
  - python >=3.9
  - tomli >=1
  constrains:
  - pytest-faulthandler >=2
  license: MIT
  license_family: MIT
  size: 259195
  timestamp: 1733217599806
- conda: https://conda.anaconda.org/conda-forge/win-64/python-3.13.1-h071d269_105_cp313.conda
  build_number: 105
  sha256: de3bb832ff3982c993c6af15e6c45bb647159f25329caceed6f73fd4769c7628
  md5: 3ddb0531ecfb2e7274d471203e053d78
  depends:
  - bzip2 >=1.0.8,<2.0a0
  - libexpat >=2.6.4,<3.0a0
  - libffi >=3.4,<4.0a0
  - liblzma >=5.6.3,<6.0a0
  - libmpdec >=4.0.0,<5.0a0
  - libsqlite >=3.47.2,<4.0a0
  - libzlib >=1.3.1,<2.0a0
  - openssl >=3.4.0,<4.0a0
  - python_abi 3.13.* *_cp313
  - tk >=8.6.13,<8.7.0a0
  - tzdata
  - ucrt >=10.0.20348.0
  - vc >=14.2,<15
  - vc14_runtime >=14.29.30139
  license: Python-2.0
  size: 16778758
  timestamp: 1736761341620
  python_site_packages_path: Lib/site-packages
- conda: https://conda.anaconda.org/conda-forge/noarch/python-dateutil-2.9.0.post0-pyhff2d567_1.conda
  sha256: a50052536f1ef8516ed11a844f9413661829aa083304dc624c5925298d078d79
  md5: 5ba79d7c71f03c678c8ead841f347d6e
  depends:
  - python >=3.9
  - six >=1.5
  license: Apache-2.0
  license_family: APACHE
  size: 222505
  timestamp: 1733215763718
- conda: https://conda.anaconda.org/conda-forge/noarch/python-tzdata-2025.1-pyhd8ed1ab_0.conda
  sha256: 1597d6055d34e709ab8915091973552a0b8764c8032ede07c4e99670da029629
  md5: 392c91c42edd569a7ec99ed8648f597a
  depends:
  - python >=3.9
  license: Apache-2.0
  license_family: APACHE
  size: 143794
  timestamp: 1737541204030
- conda: https://conda.anaconda.org/conda-forge/win-64/python_abi-3.13-5_cp313.conda
  build_number: 5
  sha256: 0c12cc1b84962444002c699ed21e815fb9f686f950d734332a1b74d07db97756
  md5: 44b4fe6f22b57103afb2299935c8b68e
  constrains:
  - python 3.13.* *_cp313
  license: BSD-3-Clause
  license_family: BSD
  size: 6716
  timestamp: 1723823166911
- conda: https://conda.anaconda.org/conda-forge/noarch/pytz-2024.1-pyhd8ed1ab_0.conda
  sha256: 1a7d6b233f7e6e3bbcbad054c8fd51e690a67b129a899a056a5e45dd9f00cb41
  md5: 3eeeeb9e4827ace8c0c1419c85d590ad
  depends:
  - python >=3.7
  license: MIT
  license_family: MIT
  size: 188538
  timestamp: 1706886944988
- conda: https://conda.anaconda.org/conda-forge/win-64/pywin32-307-py313h5813708_3.conda
  sha256: 0a68b324ea47ae720c62522c5d0bb5ea3e4987e1c5870d6490c7f954fbe14cbe
  md5: 7113bd6cfe34e80d8211f7c019d14357
  depends:
  - python >=3.13,<3.14.0a0
  - python_abi 3.13.* *_cp313
  - ucrt >=10.0.20348.0
  - vc >=14.2,<15
  - vc14_runtime >=14.29.30139
  license: PSF-2.0
  license_family: PSF
  size: 6060096
  timestamp: 1728636763526
- conda: https://conda.anaconda.org/conda-forge/win-64/pyzmq-26.2.1-py313h2100fd5_0.conda
  sha256: 22afaa7a8cb88903bf2e3c4467224d494d97e3fbaa42baa70bd345d70b131df9
  md5: a72a7bc1daaf52f8ec10709492335d26
  depends:
  - libsodium >=1.0.20,<1.0.21.0a0
  - python >=3.13,<3.14.0a0
  - python_abi 3.13.* *_cp313
  - ucrt >=10.0.20348.0
  - vc >=14.2,<15
  - vc14_runtime >=14.29.30139
  - zeromq >=4.3.5,<4.3.6.0a0
  license: BSD-3-Clause
  license_family: BSD
  size: 370496
  timestamp: 1738271494817
- conda: https://conda.anaconda.org/conda-forge/noarch/requests-2.32.3-pyhd8ed1ab_1.conda
  sha256: d701ca1136197aa121bbbe0e8c18db6b5c94acbd041c2b43c70e5ae104e1d8ad
  md5: a9b9368f3701a417eac9edbcae7cb737
  depends:
  - certifi >=2017.4.17
  - charset-normalizer >=2,<4
  - idna >=2.5,<4
  - python >=3.9
  - urllib3 >=1.21.1,<3
  constrains:
  - chardet >=3.0.2,<6
  license: Apache-2.0
  license_family: APACHE
  size: 58723
  timestamp: 1733217126197
- conda: https://conda.anaconda.org/conda-forge/noarch/sgmllib3k-1.0.0-pyhd8ed1ab_1.conda
  sha256: 93ea629d7da9e66b6c3bf107c67a5a700bf2aa65568b3ebd3118bf969cdb66aa
  md5: 24dccb38ae0c4f2e11a387fb2d4e21cb
  depends:
  - python >=3.9
  license: BSD-1-Clause
  size: 12887
  timestamp: 1734543162119
- conda: https://conda.anaconda.org/conda-forge/noarch/six-1.17.0-pyhd8ed1ab_0.conda
  sha256: 41db0180680cc67c3fa76544ffd48d6a5679d96f4b71d7498a759e94edc9a2db
  md5: a451d576819089b0d672f18768be0f65
  depends:
  - python >=3.9
  license: MIT
  license_family: MIT
  size: 16385
  timestamp: 1733381032766
- conda: https://conda.anaconda.org/conda-forge/noarch/stack_data-0.6.3-pyhd8ed1ab_1.conda
  sha256: 570da295d421661af487f1595045760526964f41471021056e993e73089e9c41
  md5: b1b505328da7a6b246787df4b5a49fbc
  depends:
  - asttokens
  - executing
  - pure_eval
  - python >=3.9
  license: MIT
  license_family: MIT
  size: 26988
  timestamp: 1733569565672
- conda: https://conda.anaconda.org/conda-forge/win-64/tbb-2021.13.0-h62715c5_1.conda
  sha256: 03cc5442046485b03dd1120d0f49d35a7e522930a2ab82f275e938e17b07b302
  md5: 9190dd0a23d925f7602f9628b3aed511
  depends:
  - libhwloc >=2.11.2,<2.11.3.0a0
  - ucrt >=10.0.20348.0
  - vc >=14.2,<15
  - vc14_runtime >=14.29.30139
  license: Apache-2.0
  license_family: APACHE
  size: 151460
  timestamp: 1732982860332
- conda: https://conda.anaconda.org/conda-forge/win-64/tk-8.6.13-h5226925_1.conda
  sha256: 2c4e914f521ccb2718946645108c9bd3fc3216ba69aea20c2c3cedbd8db32bb1
  md5: fc048363eb8f03cd1737600a5d08aafe
  depends:
  - ucrt >=10.0.20348.0
  - vc >=14.2,<15
  - vc14_runtime >=14.29.30139
  license: TCL
  license_family: BSD
  size: 3503410
  timestamp: 1699202577803
- conda: https://conda.anaconda.org/conda-forge/noarch/tomli-2.2.1-pyhd8ed1ab_1.conda
  sha256: 18636339a79656962723077df9a56c0ac7b8a864329eb8f847ee3d38495b863e
  md5: ac944244f1fed2eb49bae07193ae8215
  depends:
  - python >=3.9
  license: MIT
  license_family: MIT
  size: 19167
  timestamp: 1733256819729
- conda: https://conda.anaconda.org/conda-forge/win-64/tornado-6.4.2-py313ha7868ed_0.conda
  sha256: 062e8b77b825463fc59f373d4033fae7cf65a4170e761814bcbf25cd0627bd1d
  md5: 3d63fe6a4757924a085ab10196049854
  depends:
  - python >=3.13,<3.14.0a0
  - python_abi 3.13.* *_cp313
  - ucrt >=10.0.20348.0
  - vc >=14.2,<15
  - vc14_runtime >=14.29.30139
  license: Apache-2.0
  license_family: Apache
  size: 865881
  timestamp: 1732616355868
- conda: https://conda.anaconda.org/conda-forge/noarch/traitlets-5.14.3-pyhd8ed1ab_1.conda
  sha256: f39a5620c6e8e9e98357507262a7869de2ae8cc07da8b7f84e517c9fd6c2b959
  md5: 019a7385be9af33791c989871317e1ed
  depends:
  - python >=3.9
  license: BSD-3-Clause
  license_family: BSD
  size: 110051
  timestamp: 1733367480074
- conda: https://conda.anaconda.org/conda-forge/noarch/typing_extensions-4.12.2-pyha770c72_1.conda
  sha256: 337be7af5af8b2817f115b3b68870208b30c31d3439bec07bfb2d8f4823e3568
  md5: d17f13df8b65464ca316cbc000a3cb64
  depends:
  - python >=3.9
  license: PSF-2.0
  license_family: PSF
  size: 39637
  timestamp: 1733188758212
- conda: https://conda.anaconda.org/conda-forge/noarch/tzdata-2025a-h78e105d_0.conda
  sha256: c4b1ae8a2931fe9b274c44af29c5475a85b37693999f8c792dad0f8c6734b1de
  md5: dbcace4706afdfb7eb891f7b37d07c04
  license: LicenseRef-Public-Domain
  size: 122921
  timestamp: 1737119101255
- conda: https://conda.anaconda.org/conda-forge/win-64/ucrt-10.0.22621.0-h57928b3_1.conda
  sha256: db8dead3dd30fb1a032737554ce91e2819b43496a0db09927edf01c32b577450
  md5: 6797b005cd0f439c4c5c9ac565783700
  constrains:
  - vs2015_runtime >=14.29.30037
  license: LicenseRef-MicrosoftWindowsSDK10
  size: 559710
  timestamp: 1728377334097
- conda: https://conda.anaconda.org/conda-forge/noarch/urllib3-2.3.0-pyhd8ed1ab_0.conda
  sha256: 114919ffa80c328127dab9c8e7a38f9d563c617691fb81fccb11c1e86763727e
  md5: 32674f8dbfb7b26410ed580dd3c10a29
  depends:
  - brotli-python >=1.0.9
  - h2 >=4,<5
  - pysocks >=1.5.6,<2.0,!=1.5.7
  - python >=3.9
  - zstandard >=0.18.0
  license: MIT
  license_family: MIT
  size: 100102
  timestamp: 1734859520452
- conda: https://conda.anaconda.org/conda-forge/win-64/vc-14.3-h5fd82a7_24.conda
  sha256: 7ce178cf139ccea5079f9c353b3d8415d1d49b0a2f774662c355d3f89163d7b4
  md5: 00cf3a61562bd53bd5ea99e6888793d0
  depends:
  - vc14_runtime >=14.40.33810
  track_features:
  - vc14
  license: BSD-3-Clause
  license_family: BSD
  size: 17693
  timestamp: 1737627189024
- conda: https://conda.anaconda.org/conda-forge/win-64/vc14_runtime-14.42.34433-h6356254_24.conda
  sha256: abda97b8728cf6e3c37df8f1178adde7219bed38b96e392cb3be66336386d32e
  md5: 2441e010ee255e6a38bf16705a756e94
  depends:
  - ucrt >=10.0.20348.0
  constrains:
  - vs2015_runtime 14.42.34433.* *_24
  license: LicenseRef-MicrosoftVisualCpp2015-2022Runtime
  license_family: Proprietary
  size: 753531
  timestamp: 1737627061911
- conda: https://conda.anaconda.org/conda-forge/win-64/vs2015_runtime-14.42.34433-hfef2bbc_24.conda
  sha256: 09102e0bd283af65772c052d85028410b0c31989b3cd96c260485d28e270836e
  md5: 117fcc5b86c48f3b322b0722258c7259
  depends:
  - vc14_runtime >=14.42.34433
  license: BSD-3-Clause
  license_family: BSD
  size: 17669
  timestamp: 1737627066773
- conda: https://conda.anaconda.org/conda-forge/noarch/wcwidth-0.2.13-pyhd8ed1ab_1.conda
  sha256: f21e63e8f7346f9074fd00ca3b079bd3d2fa4d71f1f89d5b6934bf31446dc2a5
  md5: b68980f2495d096e71c7fd9d7ccf63e6
  depends:
  - python >=3.9
  license: MIT
  license_family: MIT
  size: 32581
  timestamp: 1733231433877
- conda: https://conda.anaconda.org/conda-forge/noarch/win_inet_pton-1.1.0-pyh7428d3b_8.conda
  sha256: 93807369ab91f230cf9e6e2a237eaa812492fe00face5b38068735858fba954f
  md5: 46e441ba871f524e2b067929da3051c2
  depends:
  - __win
  - python >=3.9
  license: LicenseRef-Public-Domain
  size: 9555
  timestamp: 1733130678956
- conda: https://conda.anaconda.org/conda-forge/win-64/zeromq-4.3.5-ha9f60a1_7.conda
  sha256: 15cc8e2162d0a33ffeb3f7b7c7883fd830c54a4b1be6a4b8c7ee1f4fef0088fb
  md5: e03f2c245a5ee6055752465519363b1c
  depends:
  - krb5 >=1.21.3,<1.22.0a0
  - libsodium >=1.0.20,<1.0.21.0a0
  - ucrt >=10.0.20348.0
  - vc >=14.2,<15
  - vc14_runtime >=14.29.30139
  license: MPL-2.0
  license_family: MOZILLA
  size: 2527503
  timestamp: 1731585151036
- conda: https://conda.anaconda.org/conda-forge/noarch/zipp-3.21.0-pyhd8ed1ab_1.conda
  sha256: 567c04f124525c97a096b65769834b7acb047db24b15a56888a322bf3966c3e1
  md5: 0c3cc595284c5e8f0f9900a9b228a332
  depends:
  - python >=3.9
  license: MIT
  license_family: MIT
  size: 21809
  timestamp: 1732827613585
- conda: https://conda.anaconda.org/conda-forge/win-64/zstandard-0.23.0-py313h574b89f_1.conda
  sha256: 1d2744ec0e91da267ce749e19142081472539cb140a7dad0646cd249246691fe
  md5: 8e017aca933f4dd25491151edd3e7820
  depends:
  - cffi >=1.11
  - python >=3.13.0rc1,<3.14.0a0
  - python_abi 3.13.* *_cp313
  - ucrt >=10.0.20348.0
  - vc >=14.2,<15
  - vc14_runtime >=14.29.30139
  - zstd >=1.5.6,<1.5.7.0a0
  - zstd >=1.5.6,<1.6.0a0
  license: BSD-3-Clause
  license_family: BSD
  size: 325703
  timestamp: 1725305947138
- conda: https://conda.anaconda.org/conda-forge/win-64/zstd-1.5.6-h0ea2cb4_0.conda
  sha256: 768e30dc513568491818fb068ee867c57c514b553915536da09e5d10b4ebf3c3
  md5: 9a17230f95733c04dc40a2b1e5491d74
  depends:
  - libzlib >=1.2.13,<2.0.0a0
  - ucrt >=10.0.20348.0
  - vc >=14.2,<15
  - vc14_runtime >=14.29.30139
  license: BSD-3-Clause
  license_family: BSD
  size: 349143
  timestamp: 1714723445995
